<?xml version="1.0" encoding="UTF-8" standalone="yes" ?>
<CodeBlocks_project_file>
	<FileVersion major="1" minor="6" />
	<Project>
		<Option title="JST" />
		<Option pch_mode="2" />
		<Option compiler="gcc" />
		<Build>
			<Target title="Debug">
				<Option output="bin/Debug/JST" prefix_auto="1" extension_auto="1" />
				<Option object_output="obj/Debug/" />
				<Option type="1" />
				<Option compiler="gcc" />
				<Compiler>
					<Add option="-g" />
				</Compiler>
			</Target>
			<Target title="Release">
				<Option output="bin/Release/JST" prefix_auto="1" extension_auto="1" />
				<Option object_output="obj/Release/" />
				<Option type="1" />
				<Option compiler="gcc" />
				<Compiler>
					<Add option="-O2" />
				</Compiler>
				<Linker>
					<Add option="-s" />
				</Linker>
			</Target>
		</Build>
		<Compiler>
			<Add option="-Wall" />
			<Add option="-fexceptions" />
		</Compiler>
		<Unit filename="CommandParser.cpp" />
		<Unit filename="CommandParser.h" />
		<Unit filename="JST_inference.cpp" />
		<Unit filename="JST_inference.h" />
		<Unit filename="JST_model.cpp" />
		<Unit filename="JST_model.h" />
		<Unit filename="constants.h" />
		<Unit filename="dataset.cpp" />
		<Unit filename="dataset.h" />
		<Unit filename="document.h" />
		<Unit filename="log.h" />
		<Unit filename="main.cpp" />
		<Unit filename="map_type.h" />
		<Unit filename="sentiLex.cpp" />
		<Unit filename="sentiLex.h" />
		<Unit filename="strtokenizer.cpp" />
		<Unit filename="strtokenizer.h" />
		<Unit filename="utils.cpp" />
		<Unit filename="utils.h" />
		<Extensions>
			<code_completion />
			<envvars />
			<debugger />
			<lib_finder disable_auto="1" />
		</Extensions>
	</Project>
</CodeBlocks_project_file>
